Microsoft Visual Studio Solution File, Format Version 11.00
# Visual Studio 2008

Project("{CE8F018F-3870-75DF-A8B7-42BE57B4E5C2}") = "Games Engines 2 Assignment", "Assembly-CSharp.csproj", "{DDBC1899-F304-8A0F-513E-CF8BC4F071A9}"
EndProject
Project("{CE8F018F-3870-75DF-A8B7-42BE57B4E5C2}") = "Games Engines 2 Assignment", "Assembly-UnityScript.unityproj", "{322A39B1-B44A-B0DC-CA12-AC77720FC2CD}"
EndProject
Global
	GlobalSection(SolutionConfigurationPlatforms) = preSolution
		Debug|Any CPU = Debug|Any CPU
		Release|Any CPU = Release|Any CPU
	EndGlobalSection
	GlobalSection(ProjectConfigurationPlatforms) = postSolution
		{DDBC1899-F304-8A0F-513E-CF8BC4F071A9}.Debug|Any CPU.ActiveCfg = Debug|Any CPU
		{DDBC1899-F304-8A0F-513E-CF8BC4F071A9}.Debug|Any CPU.Build.0 = Debug|Any CPU
		{DDBC1899-F304-8A0F-513E-CF8BC4F071A9}.Release|Any CPU.ActiveCfg = Release|Any CPU
		{DDBC1899-F304-8A0F-513E-CF8BC4F071A9}.Release|Any CPU.Build.0 = Release|Any CPU
		{322A39B1-B44A-B0DC-CA12-AC77720FC2CD}.Debug|Any CPU.ActiveCfg = Debug|Any CPU
		{322A39B1-B44A-B0DC-CA12-AC77720FC2CD}.Debug|Any CPU.Build.0 = Debug|Any CPU
		{322A39B1-B44A-B0DC-CA12-AC77720FC2CD}.Release|Any CPU.ActiveCfg = Release|Any CPU
		{322A39B1-B44A-B0DC-CA12-AC77720FC2CD}.Release|Any CPU.Build.0 = Release|Any CPU
	EndGlobalSection
	GlobalSection(SolutionProperties) = preSolution
		HideSolutionNode = FALSE
	EndGlobalSection
																																																		GlobalSection(MonoDevelopProperties) = preSolution
		StartupItem = Assembly-CSharp.csproj
		Policies = $0
		$0.TextStylePolicy = $1
		$1.inheritsSet = null
		$1.scope = text/x-csharp
		$0.CSharpFormattingPolicy = $2
		$2.inheritsSet = Mono
		$2.inheritsScope = text/x-csharp
		$2.scope = text/x-csharp
		$0.TextStylePolicy = $3
		$3.FileWidth = 120
		$3.TabWidth = 4
		$3.IndentWidth = 4
		$3.EolMarker = Unix
		$3.inheritsSet = Mono
		$3.inheritsScope = text/plain
		$3.scope = text/plain
	EndGlobalSection

EndGlobal
